// !$*UTF8*$!
{
	archiveVersion = 1;
	classes = {
	};
	objectVersion = 50;
	objects = {

/* Begin PBXBuildFile section */
		DA3AFEC72433F81C00FFD91A /* AppDelegate.swift in Sources */ = {isa = PBXBuildFile; fileRef = DA3AFEC62433F81C00FFD91A /* AppDelegate.swift */; };
		DA3AFEC92433F81C00FFD91A /* SceneDelegate.swift in Sources */ = {isa = PBXBuildFile; fileRef = DA3AFEC82433F81C00FFD91A /* SceneDelegate.swift */; };
		DA3AFECB2433F81C00FFD91A /* ContentView.swift in Sources */ = {isa = PBXBuildFile; fileRef = DA3AFECA2433F81C00FFD91A /* ContentView.swift */; };
		DA3AFECD2433F81D00FFD91A /* Assets.xcassets in Resources */ = {isa = PBXBuildFile; fileRef = DA3AFECC2433F81D00FFD91A /* Assets.xcassets */; };
		DA3AFED02433F81D00FFD91A /* Preview Assets.xcassets in Resources */ = {isa = PBXBuildFile; fileRef = DA3AFECF2433F81D00FFD91A /* Preview Assets.xcassets */; };
		DA3AFED32433F81D00FFD91A /* LaunchScreen.storyboard in Resources */ = {isa = PBXBuildFile; fileRef = DA3AFED12433F81D00FFD91A /* LaunchScreen.storyboard */; };
		DA3AFEDF2433F95F00FFD91A /* LoginManager.swift in Sources */ = {isa = PBXBuildFile; fileRef = DA3AFEDE2433F95F00FFD91A /* LoginManager.swift */; };
		DA3AFEE12433FA1A00FFD91A /* Constants.swift in Sources */ = {isa = PBXBuildFile; fileRef = DA3AFEE02433FA1A00FFD91A /* Constants.swift */; };
		DA3AFEE32433FC5500FFD91A /* AppView.swift in Sources */ = {isa = PBXBuildFile; fileRef = DA3AFEE22433FC5500FFD91A /* AppView.swift */; };
		DA3AFEE52433FC6500FFD91A /* AuthView.swift in Sources */ = {isa = PBXBuildFile; fileRef = DA3AFEE42433FC6500FFD91A /* AuthView.swift */; };
		DA3AFEE7243654AB00FFD91A /* Tree.swift in Sources */ = {isa = PBXBuildFile; fileRef = DA3AFEE6243654AB00FFD91A /* Tree.swift */; };
		DA3AFEE9243654B500FFD91A /* Person.swift in Sources */ = {isa = PBXBuildFile; fileRef = DA3AFEE8243654B500FFD91A /* Person.swift */; };
		DA3AFEEB243654DD00FFD91A /* TreeView.swift in Sources */ = {isa = PBXBuildFile; fileRef = DA3AFEEA243654DD00FFD91A /* TreeView.swift */; };
		DA3AFEED243654F200FFD91A /* Diagram.swift in Sources */ = {isa = PBXBuildFile; fileRef = DA3AFEEC243654F200FFD91A /* Diagram.swift */; };
		DA3AFEF5243658C100FFD91A /* MemberView.swift in Sources */ = {isa = PBXBuildFile; fileRef = DA3AFEF4243658C100FFD91A /* MemberView.swift */; };
		DA3AFEF824365C4100FFD91A /* AdaptsToSoftwareKeyboard.swift in Sources */ = {isa = PBXBuildFile; fileRef = DA3AFEF724365C4100FFD91A /* AdaptsToSoftwareKeyboard.swift */; };
/* End PBXBuildFile section */

/* Begin PBXFileReference section */
		DA3AFEC32433F81C00FFD91A /* Family Tree.app */ = {isa = PBXFileReference; explicitFileType = wrapper.application; includeInIndex = 0; path = "Family Tree.app"; sourceTree = BUILT_PRODUCTS_DIR; };
		DA3AFEC62433F81C00FFD91A /* AppDelegate.swift */ = {isa = PBXFileReference; lastKnownFileType = sourcecode.swift; path = AppDelegate.swift; sourceTree = "<group>"; };
		DA3AFEC82433F81C00FFD91A /* SceneDelegate.swift */ = {isa = PBXFileReference; lastKnownFileType = sourcecode.swift; path = SceneDelegate.swift; sourceTree = "<group>"; };
		DA3AFECA2433F81C00FFD91A /* ContentView.swift */ = {isa = PBXFileReference; lastKnownFileType = sourcecode.swift; path = ContentView.swift; sourceTree = "<group>"; };
		DA3AFECC2433F81D00FFD91A /* Assets.xcassets */ = {isa = PBXFileReference; lastKnownFileType = folder.assetcatalog; path = Assets.xcassets; sourceTree = "<group>"; };
		DA3AFECF2433F81D00FFD91A /* Preview Assets.xcassets */ = {isa = PBXFileReference; lastKnownFileType = folder.assetcatalog; path = "Preview Assets.xcassets"; sourceTree = "<group>"; };
		DA3AFED22433F81D00FFD91A /* Base */ = {isa = PBXFileReference; lastKnownFileType = file.storyboard; name = Base; path = Base.lproj/LaunchScreen.storyboard; sourceTree = "<group>"; };
		DA3AFED42433F81D00FFD91A /* Info.plist */ = {isa = PBXFileReference; lastKnownFileType = text.plist.xml; path = Info.plist; sourceTree = "<group>"; };
		DA3AFEDE2433F95F00FFD91A /* LoginManager.swift */ = {isa = PBXFileReference; lastKnownFileType = sourcecode.swift; path = LoginManager.swift; sourceTree = "<group>"; };
		DA3AFEE02433FA1A00FFD91A /* Constants.swift */ = {isa = PBXFileReference; lastKnownFileType = sourcecode.swift; path = Constants.swift; sourceTree = "<group>"; };
		DA3AFEE22433FC5500FFD91A /* AppView.swift */ = {isa = PBXFileReference; lastKnownFileType = sourcecode.swift; path = AppView.swift; sourceTree = "<group>"; };
		DA3AFEE42433FC6500FFD91A /* AuthView.swift */ = {isa = PBXFileReference; lastKnownFileType = sourcecode.swift; path = AuthView.swift; sourceTree = "<group>"; };
		DA3AFEE6243654AB00FFD91A /* Tree.swift */ = {isa = PBXFileReference; fileEncoding = 4; lastKnownFileType = sourcecode.swift; path = Tree.swift; sourceTree = "<group>"; };
		DA3AFEE8243654B500FFD91A /* Person.swift */ = {isa = PBXFileReference; fileEncoding = 4; lastKnownFileType = sourcecode.swift; path = Person.swift; sourceTree = "<group>"; };
		DA3AFEEA243654DD00FFD91A /* TreeView.swift */ = {isa = PBXFileReference; fileEncoding = 4; lastKnownFileType = sourcecode.swift; path = TreeView.swift; sourceTree = "<group>"; };
		DA3AFEEC243654F200FFD91A /* Diagram.swift */ = {isa = PBXFileReference; fileEncoding = 4; lastKnownFileType = sourcecode.swift; path = Diagram.swift; sourceTree = "<group>"; };
		DA3AFEF4243658C100FFD91A /* MemberView.swift */ = {isa = PBXFileReference; fileEncoding = 4; lastKnownFileType = sourcecode.swift; path = MemberView.swift; sourceTree = "<group>"; };
		DA3AFEF724365C4100FFD91A /* AdaptsToSoftwareKeyboard.swift */ = {isa = PBXFileReference; lastKnownFileType = sourcecode.swift; path = AdaptsToSoftwareKeyboard.swift; sourceTree = "<group>"; };
/* End PBXFileReference section */

/* Begin PBXFrameworksBuildPhase section */
		DA3AFEC02433F81C00FFD91A /* Frameworks */ = {
			isa = PBXFrameworksBuildPhase;
			buildActionMask = 2147483647;
			files = (
			);
			runOnlyForDeploymentPostprocessing = 0;
		};
/* End PBXFrameworksBuildPhase section */

/* Begin PBXGroup section */
		DA3AFEBA2433F81C00FFD91A = {
			isa = PBXGroup;
			children = (
				DA3AFEC52433F81C00FFD91A /* Family Tree */,
				DA3AFEC42433F81C00FFD91A /* Products */,
			);
			sourceTree = "<group>";
		};
		DA3AFEC42433F81C00FFD91A /* Products */ = {
			isa = PBXGroup;
			children = (
				DA3AFEC32433F81C00FFD91A /* Family Tree.app */,
			);
			name = Products;
			sourceTree = "<group>";
		};
		DA3AFEC52433F81C00FFD91A /* Family Tree */ = {
			isa = PBXGroup;
			children = (
				DA3AFEF624365C1D00FFD91A /* Modifiers */,
				DA3AFEDA2433F85600FFD91A /* Model */,
				DA3AFEC62433F81C00FFD91A /* AppDelegate.swift */,
				DA3AFEC82433F81C00FFD91A /* SceneDelegate.swift */,
				DA3AFEDB2433F86800FFD91A /* View */,
				DA3AFECC2433F81D00FFD91A /* Assets.xcassets */,
				DA3AFEE02433FA1A00FFD91A /* Constants.swift */,
				DA3AFED12433F81D00FFD91A /* LaunchScreen.storyboard */,
				DA3AFED42433F81D00FFD91A /* Info.plist */,
				DA3AFECE2433F81D00FFD91A /* Preview Content */,
			);
			path = "Family Tree";
			sourceTree = "<group>";
		};
		DA3AFECE2433F81D00FFD91A /* Preview Content */ = {
			isa = PBXGroup;
			children = (
				DA3AFECF2433F81D00FFD91A /* Preview Assets.xcassets */,
			);
			path = "Preview Content";
			sourceTree = "<group>";
		};
		DA3AFEDA2433F85600FFD91A /* Model */ = {
			isa = PBXGroup;
			children = (
				DA3AFEE6243654AB00FFD91A /* Tree.swift */,
				DA3AFEE8243654B500FFD91A /* Person.swift */,
				DA3AFEDE2433F95F00FFD91A /* LoginManager.swift */,
			);
			path = Model;
			sourceTree = "<group>";
		};
		DA3AFEDB2433F86800FFD91A /* View */ = {
			isa = PBXGroup;
			children = (
				DA3AFEF32436559C00FFD91A /* Tree */,
				DA3AFECA2433F81C00FFD91A /* ContentView.swift */,
				DA3AFEE22433FC5500FFD91A /* AppView.swift */,
				DA3AFEE42433FC6500FFD91A /* AuthView.swift */,
			);
			path = View;
			sourceTree = "<group>";
		};
		DA3AFEF32436559C00FFD91A /* Tree */ = {
			isa = PBXGroup;
			children = (
				DA3AFEEA243654DD00FFD91A /* TreeView.swift */,
				DA3AFEEC243654F200FFD91A /* Diagram.swift */,
				DA3AFEF4243658C100FFD91A /* MemberView.swift */,
			);
			path = Tree;
			sourceTree = "<group>";
		};
		DA3AFEF624365C1D00FFD91A /* Modifiers */ = {
			isa = PBXGroup;
			children = (
				DA3AFEF724365C4100FFD91A /* AdaptsToSoftwareKeyboard.swift */,
			);
			path = Modifiers;
			sourceTree = "<group>";
		};
/* End PBXGroup section */

/* Begin PBXNativeTarget section */
		DA3AFEC22433F81C00FFD91A /* Family Tree */ = {
			isa = PBXNativeTarget;
			buildConfigurationList = DA3AFED72433F81D00FFD91A /* Build configuration list for PBXNativeTarget "Family Tree" */;
			buildPhases = (
				DA3AFEBF2433F81C00FFD91A /* Sources */,
				DA3AFEC02433F81C00FFD91A /* Frameworks */,
				DA3AFEC12433F81C00FFD91A /* Resources */,
			);
			buildRules = (
			);
			dependencies = (
			);
			name = "Family Tree";
			productName = "Family Tree";
			productReference = DA3AFEC32433F81C00FFD91A /* Family Tree.app */;
			productType = "com.apple.product-type.application";
		};
/* End PBXNativeTarget section */

/* Begin PBXProject section */
		DA3AFEBB2433F81C00FFD91A /* Project object */ = {
			isa = PBXProject;
			attributes = {
				LastSwiftUpdateCheck = 1130;
				LastUpgradeCheck = 1130;
				ORGANIZATIONNAME = "Yurii Kravets";
				TargetAttributes = {
					DA3AFEC22433F81C00FFD91A = {
						CreatedOnToolsVersion = 11.3.1;
					};
				};
			};
			buildConfigurationList = DA3AFEBE2433F81C00FFD91A /* Build configuration list for PBXProject "Family Tree" */;
			compatibilityVersion = "Xcode 9.3";
			developmentRegion = en;
			hasScannedForEncodings = 0;
			knownRegions = (
				en,
				Base,
			);
			mainGroup = DA3AFEBA2433F81C00FFD91A;
			productRefGroup = DA3AFEC42433F81C00FFD91A /* Products */;
			projectDirPath = "";
			projectRoot = "";
			targets = (
				DA3AFEC22433F81C00FFD91A /* Family Tree */,
			);
		};
/* End PBXProject section */

/* Begin PBXResourcesBuildPhase section */
		DA3AFEC12433F81C00FFD91A /* Resources */ = {
			isa = PBXResourcesBuildPhase;
			buildActionMask = 2147483647;
			files = (
				DA3AFED32433F81D00FFD91A /* LaunchScreen.storyboard in Resources */,
				DA3AFED02433F81D00FFD91A /* Preview Assets.xcassets in Resources */,
				DA3AFECD2433F81D00FFD91A /* Assets.xcassets in Resources */,
			);
			runOnlyForDeploymentPostprocessing = 0;
		};
/* End PBXResourcesBuildPhase section */

/* Begin PBXSourcesBuildPhase section */
		DA3AFEBF2433F81C00FFD91A /* Sources */ = {
			isa = PBXSourcesBuildPhase;
			buildActionMask = 2147483647;
			files = (
				DA3AFEF5243658C100FFD91A /* MemberView.swift in Sources */,
				DA3AFEED243654F200FFD91A /* Diagram.swift in Sources */,
				DA3AFEEB243654DD00FFD91A /* TreeView.swift in Sources */,
				DA3AFEE52433FC6500FFD91A /* AuthView.swift in Sources */,
				DA3AFEE12433FA1A00FFD91A /* Constants.swift in Sources */,
				DA3AFEC72433F81C00FFD91A /* AppDelegate.swift in Sources */,
				DA3AFEE32433FC5500FFD91A /* AppView.swift in Sources */,
				DA3AFEDF2433F95F00FFD91A /* LoginManager.swift in Sources */,
				DA3AFEE7243654AB00FFD91A /* Tree.swift in Sources */,
				DA3AFEF824365C4100FFD91A /* AdaptsToSoftwareKeyboard.swift in Sources */,
				DA3AFEE9243654B500FFD91A /* Person.swift in Sources */,
				DA3AFEC92433F81C00FFD91A /* SceneDelegate.swift in Sources */,
				DA3AFECB2433F81C00FFD91A /* ContentView.swift in Sources */,
			);
			runOnlyForDeploymentPostprocessing = 0;
		};
/* End PBXSourcesBuildPhase section */

/* Begin PBXVariantGroup section */
		DA3AFED12433F81D00FFD91A /* LaunchScreen.storyboard */ = {
			isa = PBXVariantGroup;
			children = (
				DA3AFED22433F81D00FFD91A /* Base */,
			);
			name = LaunchScreen.storyboard;
			sourceTree = "<group>";
		};
/* End PBXVariantGroup section */

/* Begin XCBuildConfiguration section */
		DA3AFED52433F81D00FFD91A /* Debug */ = {
			isa = XCBuildConfiguration;
			buildSettings = {
				ALWAYS_SEARCH_USER_PATHS = NO;
				CLANG_ANALYZER_NONNULL = YES;
				CLANG_ANALYZER_NUMBER_OBJECT_CONVERSION = YES_AGGRESSIVE;
				CLANG_CXX_LANGUAGE_STANDARD = "gnu++14";
				CLANG_CXX_LIBRARY = "libc++";
				CLANG_ENABLE_MODULES = YES;
				CLANG_ENABLE_OBJC_ARC = YES;
				CLANG_ENABLE_OBJC_WEAK = YES;
				CLANG_WARN_BLOCK_CAPTURE_AUTORELEASING = YES;
				CLANG_WARN_BOOL_CONVERSION = YES;
				CLANG_WARN_COMMA = YES;
				CLANG_WARN_CONSTANT_CONVERSION = YES;
				CLANG_WARN_DEPRECATED_OBJC_IMPLEMENTATIONS = YES;
				CLANG_WARN_DIRECT_OBJC_ISA_USAGE = YES_ERROR;
				CLANG_WARN_DOCUMENTATION_COMMENTS = YES;
				CLANG_WARN_EMPTY_BODY = YES;
				CLANG_WARN_ENUM_CONVERSION = YES;
				CLANG_WARN_INFINITE_RECURSION = YES;
				CLANG_WARN_INT_CONVERSION = YES;
				CLANG_WARN_NON_LITERAL_NULL_CONVERSION = YES;
				CLANG_WARN_OBJC_IMPLICIT_RETAIN_SELF = YES;
				CLANG_WARN_OBJC_LITERAL_CONVERSION = YES;
				CLANG_WARN_OBJC_ROOT_CLASS = YES_ERROR;
				CLANG_WARN_RANGE_LOOP_ANALYSIS = YES;
				CLANG_WARN_STRICT_PROTOTYPES = YES;
				CLANG_WARN_SUSPICIOUS_MOVE = YES;
				CLANG_WARN_UNGUARDED_AVAILABILITY = YES_AGGRESSIVE;
				CLANG_WARN_UNREACHABLE_CODE = YES;
				CLANG_WARN__DUPLICATE_METHOD_MATCH = YES;
				COPY_PHASE_STRIP = NO;
				DEBUG_INFORMATION_FORMAT = dwarf;
				ENABLE_STRICT_OBJC_MSGSEND = YES;
				ENABLE_TESTABILITY = YES;
				GCC_C_LANGUAGE_STANDARD = gnu11;
				GCC_DYNAMIC_NO_PIC = NO;
				GCC_NO_COMMON_BLOCKS = YES;
				GCC_OPTIMIZATION_LEVEL = 0;
				GCC_PREPROCESSOR_DEFINITIONS = (
					"DEBUG=1",
					"$(inherited)",
				);
				GCC_WARN_64_TO_32_BIT_CONVERSION = YES;
				GCC_WARN_ABOUT_RETURN_TYPE = YES_ERROR;
				GCC_WARN_UNDECLARED_SELECTOR = YES;
				GCC_WARN_UNINITIALIZED_AUTOS = YES_AGGRESSIVE;
				GCC_WARN_UNUSED_FUNCTION = YES;
				GCC_WARN_UNUSED_VARIABLE = YES;
				IPHONEOS_DEPLOYMENT_TARGET = 13.2;
				MTL_ENABLE_DEBUG_INFO = INCLUDE_SOURCE;
				MTL_FAST_MATH = YES;
				ONLY_ACTIVE_ARCH = YES;
				SDKROOT = iphoneos;
				SWIFT_ACTIVE_COMPILATION_CONDITIONS = DEBUG;
				SWIFT_OPTIMIZATION_LEVEL = "-Onone";
			};
			name = Debug;
		};
		DA3AFED62433F81D00FFD91A /* Release */ = {
			isa = XCBuildConfiguration;
			buildSettings = {
				ALWAYS_SEARCH_USER_PATHS = NO;
				CLANG_ANALYZER_NONNULL = YES;
				CLANG_ANALYZER_NUMBER_OBJECT_CONVERSION = YES_AGGRESSIVE;
				CLANG_CXX_LANGUAGE_STANDARD = "gnu++14";
				CLANG_CXX_LIBRARY = "libc++";
				CLANG_ENABLE_MODULES = YES;
				CLANG_ENABLE_OBJC_ARC = YES;
				CLANG_ENABLE_OBJC_WEAK = YES;
				CLANG_WARN_BLOCK_CAPTURE_AUTORELEASING = YES;
				CLANG_WARN_BOOL_CONVERSION = YES;
				CLANG_WARN_COMMA = YES;
				CLANG_WARN_CONSTANT_CONVERSION = YES;
				CLANG_WARN_DEPRECATED_OBJC_IMPLEMENTATIONS = YES;
				CLANG_WARN_DIRECT_OBJC_ISA_USAGE = YES_ERROR;
				CLANG_WARN_DOCUMENTATION_COMMENTS = YES;
				CLANG_WARN_EMPTY_BODY = YES;
				CLANG_WARN_ENUM_CONVERSION = YES;
				CLANG_WARN_INFINITE_RECURSION = YES;
				CLANG_WARN_INT_CONVERSION = YES;
				CLANG_WARN_NON_LITERAL_NULL_CONVERSION = YES;
				CLANG_WARN_OBJC_IMPLICIT_RETAIN_SELF = YES;
				CLANG_WARN_OBJC_LITERAL_CONVERSION = YES;
				CLANG_WARN_OBJC_ROOT_CLASS = YES_ERROR;
				CLANG_WARN_RANGE_LOOP_ANALYSIS = YES;
				CLANG_WARN_STRICT_PROTOTYPES = YES;
				CLANG_WARN_SUSPICIOUS_MOVE = YES;
				CLANG_WARN_UNGUARDED_AVAILABILITY = YES_AGGRESSIVE;
				CLANG_WARN_UNREACHABLE_CODE = YES;
				CLANG_WARN__DUPLICATE_METHOD_MATCH = YES;
				COPY_PHASE_STRIP = NO;
				DEBUG_INFORMATION_FORMAT = "dwarf-with-dsym";
				ENABLE_NS_ASSERTIONS = NO;
				ENABLE_STRICT_OBJC_MSGSEND = YES;
				GCC_C_LANGUAGE_STANDARD = gnu11;
				GCC_NO_COMMON_BLOCKS = YES;
				GCC_WARN_64_TO_32_BIT_CONVERSION = YES;
				GCC_WARN_ABOUT_RETURN_TYPE = YES_ERROR;
				GCC_WARN_UNDECLARED_SELECTOR = YES;
				GCC_WARN_UNINITIALIZED_AUTOS = YES_AGGRESSIVE;
				GCC_WARN_UNUSED_FUNCTION = YES;
				GCC_WARN_UNUSED_VARIABLE = YES;
				IPHONEOS_DEPLOYMENT_TARGET = 13.2;
				MTL_ENABLE_DEBUG_INFO = NO;
				MTL_FAST_MATH = YES;
				SDKROOT = iphoneos;
				SWIFT_COMPILATION_MODE = wholemodule;
				SWIFT_OPTIMIZATION_LEVEL = "-O";
				VALIDATE_PRODUCT = YES;
			};
			name = Release;
		};
		DA3AFED82433F81D00FFD91A /* Debug */ = {
			isa = XCBuildConfiguration;
			buildSettings = {
				ASSETCATALOG_COMPILER_APPICON_NAME = AppIcon;
				CODE_SIGN_STYLE = Automatic;
				DEVELOPMENT_ASSET_PATHS = "\"Family Tree/Preview Content\"";
				DEVELOPMENT_TEAM = GMY3BFZ2J5;
				ENABLE_PREVIEWS = YES;
				INFOPLIST_FILE = "Family Tree/Info.plist";
				LD_RUNPATH_SEARCH_PATHS = (
					"$(inherited)",
					"@executable_path/Frameworks",
				);
				PRODUCT_BUNDLE_IDENTIFIER = "com.yuriikravets.Family-Tree";
				PRODUCT_NAME = "$(TARGET_NAME)";
				SWIFT_VERSION = 5.0;
				TARGETED_DEVICE_FAMILY = 1;
			};
			name = Debug;
		};
		DA3AFED92433F81D00FFD91A /* Release */ = {
			isa = XCBuildConfiguration;
			buildSettings = {
				ASSETCATALOG_COMPILER_APPICON_NAME = AppIcon;
				CODE_SIGN_STYLE = Automatic;
				DEVELOPMENT_ASSET_PATHS = "\"Family Tree/Preview Content\"";
				DEVELOPMENT_TEAM = GMY3BFZ2J5;
				ENABLE_PREVIEWS = YES;
				INFOPLIST_FILE = "Family Tree/Info.plist";
				LD_RUNPATH_SEARCH_PATHS = (
					"$(inherited)",
					"@executable_path/Frameworks",
				);
				PRODUCT_BUNDLE_IDENTIFIER = "com.yuriikravets.Family-Tree";
				PRODUCT_NAME = "$(TARGET_NAME)";
				SWIFT_VERSION = 5.0;
				TARGETED_DEVICE_FAMILY = 1;
			};
			name = Release;
		};
/* End XCBuildConfiguration section */

/* Begin XCConfigurationList section */
		DA3AFEBE2433F81C00FFD91A /* Build configuration list for PBXProject "Family Tree" */ = {
			isa = XCConfigurationList;
			buildConfigurations = (
				DA3AFED52433F81D00FFD91A /* Debug */,
				DA3AFED62433F81D00FFD91A /* Release */,
			);
			defaultConfigurationIsVisible = 0;
			defaultConfigurationName = Release;
		};
		DA3AFED72433F81D00FFD91A /* Build configuration list for PBXNativeTarget "Family Tree" */ = {
			isa = XCConfigurationList;
			buildConfigurations = (
				DA3AFED82433F81D00FFD91A /* Debug */,
				DA3AFED92433F81D00FFD91A /* Release */,
			);
			defaultConfigurationIsVisible = 0;
			defaultConfigurationName = Release;
		};
/* End XCConfigurationList section */
	};
	rootObject = DA3AFEBB2433F81C00FFD91A /* Project object */;
}
